
Microsoft Visual Studio Solution File, Format Version 12.00
# Visual Studio Version 17
VisualStudioVersion = 17.10.35122.118
MinimumVisualStudioVersion = 10.0.40219.1
Project("{FAE04EC0-301F-11D3-BF4B-00C04F79EFBC}") = "APIGestionDeStock", "APIGestionDeStock\APIGestionDeStock.csproj", "{6DC6BE4F-ADA4-425B-9DFC-0E85437945BD}"
EndProject
Global
	GlobalSection(SolutionConfigurationPlatforms) = preSolution
		Debug|Any CPU = Debug|Any CPU
		Release|Any CPU = Release|Any CPU
	EndGlobalSection
	GlobalSection(ProjectConfigurationPlatforms) = postSolution
		{6DC6BE4F-ADA4-425B-9DFC-0E85437945BD}.Debug|Any CPU.ActiveCfg = Debug|Any CPU
		{6DC6BE4F-ADA4-425B-9DFC-0E85437945BD}.Debug|Any CPU.Build.0 = Debug|Any CPU
		{6DC6BE4F-ADA4-425B-9DFC-0E85437945BD}.Release|Any CPU.ActiveCfg = Release|Any CPU
		{6DC6BE4F-ADA4-425B-9DFC-0E85437945BD}.Release|Any CPU.Build.0 = Release|Any CPU
	EndGlobalSection
	GlobalSection(SolutionProperties) = preSolution
		HideSolutionNode = FALSE
	EndGlobalSection
	GlobalSection(ExtensibilityGlobals) = postSolution
		SolutionGuid = {717494BF-E312-414B-B7A3-C155E04C50E3}
	EndGlobalSection
EndGlobal
